Microsoft Visual Studio Solution File, Format Version 12.00
# Visual Studio Version 17
VisualStudioVersion = 17.5.2.0
MinimumVisualStudioVersion = 10.0.40219.1
Project("{FAE04EC0-301F-11D3-BF4B-00C04F79EFBC}") = "BagApi", "BagApi.csproj", "{575672EA-2302-06F8-DAAA-07E281CD6779}"
EndProject
Global
	GlobalSection(SolutionConfigurationPlatforms) = preSolution
		Debug|Any CPU = Debug|Any CPU
		Release|Any CPU = Release|Any CPU
	EndGlobalSection
	GlobalSection(ProjectConfigurationPlatforms) = postSolution
		{575672EA-2302-06F8-DAAA-07E281CD6779}.Debug|Any CPU.ActiveCfg = Debug|Any CPU
		{575672EA-2302-06F8-DAAA-07E281CD6779}.Debug|Any CPU.Build.0 = Debug|Any CPU
		{575672EA-2302-06F8-DAAA-07E281CD6779}.Release|Any CPU.ActiveCfg = Release|Any CPU
		{575672EA-2302-06F8-DAAA-07E281CD6779}.Release|Any CPU.Build.0 = Release|Any CPU
	EndGlobalSection
	GlobalSection(SolutionProperties) = preSolution
		HideSolutionNode = FALSE
	EndGlobalSection
	GlobalSection(ExtensibilityGlobals) = postSolution
		SolutionGuid = {C0A88AC4-5157-4856-B06C-F67B1D75EB59}
	EndGlobalSection
EndGlobal
